
Microsoft Visual Studio Solution File, Format Version 12.00
# Visual Studio Version 16
VisualStudioVersion = 16.0.31424.327
MinimumVisualStudioVersion = 10.0.40219.1
Project("{A90228D2-6755-4495-93FD-44453CDE2C1E}") = "LetsEncrypt", "LetsEncrypt\LetsEncrypt.csproj", "{0721D922-558D-48CF-ADA6-8192C8AE7424}"
EndProject
Global
	GlobalSection(SolutionConfigurationPlatforms) = preSolution
		Debug|Any CPU = Debug|Any CPU
		Release|Any CPU = Release|Any CPU
	EndGlobalSection
	GlobalSection(ProjectConfigurationPlatforms) = postSolution
		{0721D922-558D-48CF-ADA6-8192C8AE7424}.Debug|Any CPU.ActiveCfg = Debug|Any CPU
		{0721D922-558D-48CF-ADA6-8192C8AE7424}.Debug|Any CPU.Build.0 = Debug|Any CPU
		{0721D922-558D-48CF-ADA6-8192C8AE7424}.Release|Any CPU.ActiveCfg = Release|Any CPU
		{0721D922-558D-48CF-ADA6-8192C8AE7424}.Release|Any CPU.Build.0 = Release|Any CPU
	EndGlobalSection
	GlobalSection(SolutionProperties) = preSolution
		HideSolutionNode = FALSE
	EndGlobalSection
	GlobalSection(ExtensibilityGlobals) = postSolution
		SolutionGuid = {991A93B0-A1B5-4F9E-8011-0FFEBD7BFE07}
	EndGlobalSection
EndGlobal
