
Microsoft Visual Studio Solution File, Format Version 12.00
# Visual Studio Version 17
VisualStudioVersion = 17.7.34009.444
MinimumVisualStudioVersion = 10.0.40219.1
Project("{9A19103F-16F7-4668-BE54-9A1E7A4F7556}") = "RandomValue", "RandomValue\RandomValue.csproj", "{DEA2F2B7-DA00-4012-9EB8-DB5642430F26}"
EndProject
Global
	GlobalSection(SolutionConfigurationPlatforms) = preSolution
		Debug|Any CPU = Debug|Any CPU
		Release|Any CPU = Release|Any CPU
	EndGlobalSection
	GlobalSection(ProjectConfigurationPlatforms) = postSolution
		{DEA2F2B7-DA00-4012-9EB8-DB5642430F26}.Debug|Any CPU.ActiveCfg = Debug|Any CPU
		{DEA2F2B7-DA00-4012-9EB8-DB5642430F26}.Debug|Any CPU.Build.0 = Debug|Any CPU
		{DEA2F2B7-DA00-4012-9EB8-DB5642430F26}.Release|Any CPU.ActiveCfg = Release|Any CPU
		{DEA2F2B7-DA00-4012-9EB8-DB5642430F26}.Release|Any CPU.Build.0 = Release|Any CPU
	EndGlobalSection
	GlobalSection(SolutionProperties) = preSolution
		HideSolutionNode = FALSE
	EndGlobalSection
	GlobalSection(ExtensibilityGlobals) = postSolution
		SolutionGuid = {EA8402FE-7DC6-4E2A-8DA5-755ED72A6041}
	EndGlobalSection
EndGlobal
