
Microsoft Visual Studio Solution File, Format Version 12.00
# Visual Studio Version 17
VisualStudioVersion = 17.7.34009.444
MinimumVisualStudioVersion = 10.0.40219.1
Project("{FAE04EC0-301F-11D3-BF4B-00C04F79EFBC}") = "CSharpRandomValue", "RandomValue\CSharpRandomValue.csproj", "{DEA2F2B7-DA00-4012-9EB8-DB5642430F26}"
EndProject
Project("{FAE04EC0-301F-11D3-BF4B-00C04F79EFBC}") = "CSharpRandomValueUnitTests", "RandomValueUnitTests\CSharpRandomValueUnitTests.csproj", "{B20F6A01-508F-41F6-AB78-992A17448C14}"
EndProject
Global
	GlobalSection(SolutionConfigurationPlatforms) = preSolution
		Debug|Any CPU = Debug|Any CPU
		Release|Any CPU = Release|Any CPU
	EndGlobalSection
	GlobalSection(ProjectConfigurationPlatforms) = postSolution
		{DEA2F2B7-DA00-4012-9EB8-DB5642430F26}.Debug|Any CPU.ActiveCfg = Debug|Any CPU
		{DEA2F2B7-DA00-4012-9EB8-DB5642430F26}.Debug|Any CPU.Build.0 = Debug|Any CPU
		{DEA2F2B7-DA00-4012-9EB8-DB5642430F26}.Release|Any CPU.ActiveCfg = Release|Any CPU
		{DEA2F2B7-DA00-4012-9EB8-DB5642430F26}.Release|Any CPU.Build.0 = Release|Any CPU
		{B20F6A01-508F-41F6-AB78-992A17448C14}.Debug|Any CPU.ActiveCfg = Debug|Any CPU
		{B20F6A01-508F-41F6-AB78-992A17448C14}.Debug|Any CPU.Build.0 = Debug|Any CPU
		{B20F6A01-508F-41F6-AB78-992A17448C14}.Release|Any CPU.ActiveCfg = Release|Any CPU
		{B20F6A01-508F-41F6-AB78-992A17448C14}.Release|Any CPU.Build.0 = Release|Any CPU
	EndGlobalSection
	GlobalSection(SolutionProperties) = preSolution
		HideSolutionNode = FALSE
	EndGlobalSection
	GlobalSection(ExtensibilityGlobals) = postSolution
		SolutionGuid = {EA8402FE-7DC6-4E2A-8DA5-755ED72A6041}
	EndGlobalSection
EndGlobal
