
Microsoft Visual Studio Solution File, Format Version 12.00
# Visual Studio Version 16
VisualStudioVersion = 16.0.31424.327
MinimumVisualStudioVersion = 10.0.40219.1
Project("{73F76929-BE7A-4434-8925-0ED65B0126AB}") = "StartProcessFromService", "StartProcessFromService\StartProcessFromService.csproj", "{3b379132-0bb8-457d-8aed-d80bd030d567}"
EndProject
Global
	GlobalSection(SolutionConfigurationPlatforms) = preSolution
		Debug|Any CPU = Debug|Any CPU
		Release|Any CPU = Release|Any CPU
	EndGlobalSection
	GlobalSection(ProjectConfigurationPlatforms) = postSolution
		{3b379132-0bb8-457d-8aed-d80bd030d567}.Debug|Any CPU.ActiveCfg = Debug|Any CPU
		{3b379132-0bb8-457d-8aed-d80bd030d567}.Debug|Any CPU.Build.0 = Debug|Any CPU
		{3b379132-0bb8-457d-8aed-d80bd030d567}.Release|Any CPU.ActiveCfg = Release|Any CPU
		{3b379132-0bb8-457d-8aed-d80bd030d567}.Release|Any CPU.Build.0 = Release|Any CPU
	EndGlobalSection
	GlobalSection(SolutionProperties) = preSolution
		HideSolutionNode = FALSE
	EndGlobalSection
	GlobalSection(ExtensibilityGlobals) = postSolution
		SolutionGuid = {1363DBE4-C001-4052-8AA7-CDC437F2A1DE}
	EndGlobalSection
EndGlobal
