
Microsoft Visual Studio Solution File, Format Version 12.00
# Visual Studio Version 17
VisualStudioVersion = 17.0.31903.59
MinimumVisualStudioVersion = 10.0.40219.1
Project("{FAE04EC0-301F-11D3-BF4B-00C04F79EFBC}") = "StaticSymbols", "StaticSymbols\StaticSymbols.csproj", "{C6DA1E4D-1FFD-4DC2-8C45-652185A6CEE4}"
EndProject
Global
	GlobalSection(SolutionConfigurationPlatforms) = preSolution
		Debug|Any CPU = Debug|Any CPU
		Release|Any CPU = Release|Any CPU
	EndGlobalSection
	GlobalSection(ProjectConfigurationPlatforms) = postSolution
		{C6DA1E4D-1FFD-4DC2-8C45-652185A6CEE4}.Debug|Any CPU.ActiveCfg = Debug|Any CPU
		{C6DA1E4D-1FFD-4DC2-8C45-652185A6CEE4}.Debug|Any CPU.Build.0 = Debug|Any CPU
		{C6DA1E4D-1FFD-4DC2-8C45-652185A6CEE4}.Release|Any CPU.ActiveCfg = Release|Any CPU
		{C6DA1E4D-1FFD-4DC2-8C45-652185A6CEE4}.Release|Any CPU.Build.0 = Release|Any CPU
	EndGlobalSection
	GlobalSection(SolutionProperties) = preSolution
		HideSolutionNode = FALSE
	EndGlobalSection
	GlobalSection(ExtensibilityGlobals) = postSolution
		SolutionGuid = {4BC51D6D-FBB5-4F69-85B9-62774E4059F0}
	EndGlobalSection
EndGlobal
