
Microsoft Visual Studio Solution File, Format Version 12.00
# Visual Studio Version 16
VisualStudioVersion = 16.0.32413.511
MinimumVisualStudioVersion = 10.0.40219.1
Project("{9A19103F-16F7-4668-BE54-9A1E7A4F7556}") = "CustomConfig", "CustomConfig\CustomConfig.csproj", "{A495B564-265C-4A1D-98BA-13DABE8F3FEE}"
EndProject
Global
	GlobalSection(SolutionConfigurationPlatforms) = preSolution
		Debug|Any CPU = Debug|Any CPU
		Debug|TwinCAT HMI = Debug|TwinCAT HMI
		Release|Any CPU = Release|Any CPU
		Release|TwinCAT HMI = Release|TwinCAT HMI
	EndGlobalSection
	GlobalSection(ProjectConfigurationPlatforms) = postSolution
		{A495B564-265C-4A1D-98BA-13DABE8F3FEE}.Debug|Any CPU.ActiveCfg = Debug|Any CPU
		{A495B564-265C-4A1D-98BA-13DABE8F3FEE}.Debug|Any CPU.Build.0 = Debug|Any CPU
		{A495B564-265C-4A1D-98BA-13DABE8F3FEE}.Debug|TwinCAT HMI.ActiveCfg = Debug|Any CPU
		{A495B564-265C-4A1D-98BA-13DABE8F3FEE}.Debug|TwinCAT HMI.Build.0 = Debug|Any CPU
		{A495B564-265C-4A1D-98BA-13DABE8F3FEE}.Release|Any CPU.ActiveCfg = Release|Any CPU
		{A495B564-265C-4A1D-98BA-13DABE8F3FEE}.Release|Any CPU.Build.0 = Release|Any CPU
		{A495B564-265C-4A1D-98BA-13DABE8F3FEE}.Release|TwinCAT HMI.ActiveCfg = Release|Any CPU
		{A495B564-265C-4A1D-98BA-13DABE8F3FEE}.Release|TwinCAT HMI.Build.0 = Release|Any CPU
	EndGlobalSection
	GlobalSection(SolutionProperties) = preSolution
		HideSolutionNode = FALSE
	EndGlobalSection
	GlobalSection(ExtensibilityGlobals) = postSolution
		SolutionGuid = {88D4D492-A2D5-407E-817A-6DE0301F5F90}
	EndGlobalSection
EndGlobal
