
Microsoft Visual Studio Solution File, Format Version 12.00
# Visual Studio Version 16
VisualStudioVersion = 16.0.31424.327
MinimumVisualStudioVersion = 10.0.40219.1
Project("{FAE04EC0-301F-11D3-BF4B-00C04F79EFBC}") = "ErrorHandling", "ErrorHandling\ErrorHandling.csproj", "{7D47743B-FABF-417E-9EEB-784303C78BC0}"
EndProject
Global
	GlobalSection(SolutionConfigurationPlatforms) = preSolution
		Debug|Any CPU = Debug|Any CPU
		Release|Any CPU = Release|Any CPU
	EndGlobalSection
	GlobalSection(ProjectConfigurationPlatforms) = postSolution
		{7D47743B-FABF-417E-9EEB-784303C78BC0}.Debug|Any CPU.ActiveCfg = Debug|Any CPU
		{7D47743B-FABF-417E-9EEB-784303C78BC0}.Debug|Any CPU.Build.0 = Debug|Any CPU
		{7D47743B-FABF-417E-9EEB-784303C78BC0}.Release|Any CPU.ActiveCfg = Release|Any CPU
		{7D47743B-FABF-417E-9EEB-784303C78BC0}.Release|Any CPU.Build.0 = Release|Any CPU
	EndGlobalSection
	GlobalSection(SolutionProperties) = preSolution
		HideSolutionNode = FALSE
	EndGlobalSection
	GlobalSection(ExtensibilityGlobals) = postSolution
		SolutionGuid = {4780F80E-3EB8-41A8-9A4B-29AB9CE080A7}
	EndGlobalSection
EndGlobal
