
Microsoft Visual Studio Solution File, Format Version 12.00
# Visual Studio Version 16
VisualStudioVersion = 16.0.31424.327
MinimumVisualStudioVersion = 10.0.40219.1
Project("{A90228D2-6755-4495-93FD-44453CDE2C1E}") = "ConfigListening", "ConfigListening\ConfigListening.csproj", "{DA599B5A-F4C8-4F3B-ABF9-BEE37FC4DE52}"
EndProject
Project("{FAE04EC0-301F-11D3-BF4B-00C04F79EFBC}") = "ConfigListeningUnitTests", "ConfigListeningUnitTests\ConfigListeningUnitTests.csproj", "{F5FF33CD-0DAE-45DF-A7C0-7A77BF781FCF}"
EndProject
Global
	GlobalSection(SolutionConfigurationPlatforms) = preSolution
		Debug|Any CPU = Debug|Any CPU
		Release|Any CPU = Release|Any CPU
	EndGlobalSection
	GlobalSection(ProjectConfigurationPlatforms) = postSolution
		{DA599B5A-F4C8-4F3B-ABF9-BEE37FC4DE52}.Debug|Any CPU.ActiveCfg = Debug|Any CPU
		{DA599B5A-F4C8-4F3B-ABF9-BEE37FC4DE52}.Debug|Any CPU.Build.0 = Debug|Any CPU
		{DA599B5A-F4C8-4F3B-ABF9-BEE37FC4DE52}.Release|Any CPU.ActiveCfg = Release|Any CPU
		{DA599B5A-F4C8-4F3B-ABF9-BEE37FC4DE52}.Release|Any CPU.Build.0 = Release|Any CPU
		{F5FF33CD-0DAE-45DF-A7C0-7A77BF781FCF}.Debug|Any CPU.ActiveCfg = Debug|Any CPU
		{F5FF33CD-0DAE-45DF-A7C0-7A77BF781FCF}.Debug|Any CPU.Build.0 = Debug|Any CPU
		{F5FF33CD-0DAE-45DF-A7C0-7A77BF781FCF}.Release|Any CPU.ActiveCfg = Release|Any CPU
		{F5FF33CD-0DAE-45DF-A7C0-7A77BF781FCF}.Release|Any CPU.Build.0 = Release|Any CPU
	EndGlobalSection
	GlobalSection(SolutionProperties) = preSolution
		HideSolutionNode = FALSE
	EndGlobalSection
	GlobalSection(ExtensibilityGlobals) = postSolution
		SolutionGuid = {5A71251D-DCD7-4E8B-8E9D-8BF3914E432B}
	EndGlobalSection
EndGlobal
